
Microsoft Visual Studio Solution File, Format Version 12.00
# Visual Studio Version 17
VisualStudioVersion = 17.9.34714.143
MinimumVisualStudioVersion = 10.0.40219.1
Project("{FAE04EC0-301F-11D3-BF4B-00C04F79EFBC}") = "CountdownSticker", "CountdownSticker\CountdownSticker.csproj", "{26F0FCA0-23A9-4CE8-9770-B06A237AC22A}"
EndProject
Global
	GlobalSection(SolutionConfigurationPlatforms) = preSolution
		Debug|Any CPU = Debug|Any CPU
		Release|Any CPU = Release|Any CPU
	EndGlobalSection
	GlobalSection(ProjectConfigurationPlatforms) = postSolution
		{26F0FCA0-23A9-4CE8-9770-B06A237AC22A}.Debug|Any CPU.ActiveCfg = Debug|Any CPU
		{26F0FCA0-23A9-4CE8-9770-B06A237AC22A}.Debug|Any CPU.Build.0 = Debug|Any CPU
		{26F0FCA0-23A9-4CE8-9770-B06A237AC22A}.Release|Any CPU.ActiveCfg = Release|Any CPU
		{26F0FCA0-23A9-4CE8-9770-B06A237AC22A}.Release|Any CPU.Build.0 = Release|Any CPU
	EndGlobalSection
	GlobalSection(SolutionProperties) = preSolution
		HideSolutionNode = FALSE
	EndGlobalSection
	GlobalSection(ExtensibilityGlobals) = postSolution
		SolutionGuid = {49D0D018-B3D7-49BC-95CB-BED2D5FAF23A}
	EndGlobalSection
EndGlobal
